schema: '2.0'
stages:
  ingest:
    cmd: Rscript pipeline/00-ingest.R
    deps:
    - path: pipeline/00-ingest.R
      hash: md5
      md5: 816b28ff1c68d17a9082d0dc839a85c0
      size: 22844
    params:
      params.yaml:
        assessment:
          year: '2024'
          date: '2024-01-01'
          triad: north
          group: condo
          data_year: '2023'
          working_year: '2025'
        input:
          min_sale_year: '2015'
          max_sale_year: '2023'
          strata:
            seed: 123
            group_var:
            - meta_township_code
            type: ntile
            k_1: 10
            k_2: 100
            weight_min: 0.3
            weight_max: 1.0
    outs:
    - path: input/assessment_data.parquet
      hash: md5
      md5: 1acef7f3c22353411bc15a03d7493164
      size: 85643154
    - path: input/char_data.parquet
      hash: md5
      md5: 5be564143ebae5a67e8f44eb93d839dd
      size: 159013932
    - path: input/condo_strata_data.parquet
      hash: md5
      md5: b5a85462a7f4de94916b228be45ccd75
      size: 40543
    - path: input/land_nbhd_rate_data.parquet
      hash: md5
      md5: f3ec9627322bd271bf2957b7388aaa34
      size: 3873
    - path: input/training_data.parquet
      hash: md5
      md5: e818848026f6dc6e3d6af9b8d6b34641
      size: 79923460
  train:
    cmd: Rscript pipeline/01-train.R
    deps:
    - path: input/training_data.parquet
      hash: md5
      md5: 51090aa4f5b5311b1441e62b81fd3827
      size: 68987740
    params:
      params.yaml:
        cv:
          split_prop: 0.9
          num_folds: 10
          fold_overlap: 9
          initial_set: 20
          max_iterations: 50
          no_improve: 24
          uncertain: 8
          best_metric: rmse
        model.engine: lightgbm
        model.hyperparameter:
          default:
            num_iterations: 2275
            learning_rate: 0.011
            max_bin: 225
            num_leaves: 200
            add_to_linked_depth: 2
            feature_fraction: 0.661
            min_gain_to_split: 1.58
            min_data_in_leaf: 44
            max_cat_threshold: 87
            min_data_per_group: 200
            cat_smooth: 140.85
            cat_l2: 0.017
            lambda_l1: 0.697
            lambda_l2: 0.002
            neighbors: 15
          range:
            num_iterations:
            - 100
            - 2500
            learning_rate:
            - -3.0
            - -0.4
            max_bin:
            - 50
            - 512
            num_leaves:
            - 32
            - 2048
            add_to_linked_depth:
            - 1
            - 7
            feature_fraction:
            - 0.3
            - 0.7
            min_gain_to_split:
            - -3.0
            - 4.0
            min_data_in_leaf:
            - 2
            - 400
            max_cat_threshold:
            - 10
            - 250
            min_data_per_group:
            - 2
            - 400
            cat_smooth:
            - 10.0
            - 200.0
            cat_l2:
            - -3
            - 2
            lambda_l1:
            - -3
            - 2
            lambda_l2:
            - -3
            - 2
            neighbors:
            - 5
            - 40
        model.objective: rmse
        model.parameter:
          validation_prop: 0.1
          validation_type: recent
          validation_metric: rmse
          link_max_depth: true
          stop_iter: 50
        model.predictor:
          all:
          - meta_township_code
          - meta_nbhd_code
          - meta_tieback_proration_rate
          - char_yrblt
          - char_land_sf
          - char_building_units
          - char_building_non_units
          - char_bldg_is_mixed_use
          - char_building_sf
          - char_unit_sf
          - char_bedrooms
          - char_half_baths
          - char_full_baths
          - loc_longitude
          - loc_latitude
          - loc_census_tract_geoid
          - loc_env_flood_fs_factor
          - loc_school_elementary_district_geoid
          - loc_school_secondary_district_geoid
          - loc_access_cmap_walk_nta_score
          - loc_access_cmap_walk_total_score
          - loc_tax_municipality_name
          - prox_num_pin_in_half_mile
          - prox_num_bus_stop_in_half_mile
          - prox_num_foreclosure_per_1000_pin_past_5_years
          - prox_num_school_in_half_mile
          - prox_airport_dnl_total
          - prox_nearest_bike_trail_dist_ft
          - prox_nearest_cemetery_dist_ft
          - prox_nearest_cta_route_dist_ft
          - prox_nearest_cta_stop_dist_ft
          - prox_nearest_hospital_dist_ft
          - prox_lake_michigan_dist_ft
          - prox_nearest_major_road_dist_ft
          - prox_nearest_metra_route_dist_ft
          - prox_nearest_metra_stop_dist_ft
          - prox_nearest_park_dist_ft
          - prox_nearest_railroad_dist_ft
          - prox_nearest_secondary_road_dist_ft
          - prox_nearest_university_dist_ft
          - prox_nearest_vacant_land_dist_ft
          - prox_nearest_water_dist_ft
          - prox_nearest_golf_course_dist_ft
          - acs5_percent_age_children
          - acs5_percent_age_senior
          - acs5_median_age_total
          - acs5_percent_mobility_moved_from_other_state
          - acs5_percent_household_family_married
          - acs5_percent_household_nonfamily_alone
          - acs5_percent_education_high_school
          - acs5_percent_education_bachelor
          - acs5_percent_education_graduate
          - acs5_percent_income_below_poverty_level
          - acs5_median_income_household_past_year
          - acs5_median_income_per_capita_past_year
          - acs5_percent_income_household_received_snap_past_year
          - acs5_percent_employment_unemployed
          - acs5_median_household_total_occupied_year_built
          - acs5_median_household_renter_occupied_gross_rent
          - acs5_percent_household_owner_occupied
          - acs5_percent_household_total_occupied_w_sel_cond
          - acs5_percent_mobility_moved_in_county
          - other_tax_bill_rate
          - ccao_is_active_exe_homeowner
          - ccao_is_corner_lot
          - ccao_n_years_exe_homeowner
          - time_sale_year
          - time_sale_day
          - time_sale_quarter_of_year
          - time_sale_month_of_year
          - time_sale_day_of_year
          - time_sale_day_of_month
          - time_sale_day_of_week
          - time_sale_post_covid
          - meta_strata_1
          - meta_strata_2
          categorical:
          - meta_township_code
          - meta_nbhd_code
          - loc_census_tract_geoid
          - loc_tax_municipality_name
          - loc_school_elementary_district_geoid
          - loc_school_secondary_district_geoid
          - time_sale_quarter_of_year
          - meta_strata_1
          - meta_strata_2
          knn:
          - meta_strata_1
          - meta_strata_2
          knn_imp:
          - loc_latitude
          - loc_longitude
          - char_building_units
          - char_yrblt
          id:
          - meta_year
          - meta_pin
          - meta_class
          - meta_card_num
          - meta_lline_num
          - meta_sale_document_num
        model.seed: 2024
        model.verbose: -1
        ratio_study:
          far_year: '2021'
          far_stage: board
          far_column: meta_2yr_pri_board_tot
          near_year: '2023'
          near_stage: certified
          near_column: meta_certified_tot
          min_n_sales: 30
          num_quantile:
          - 3
          - 5
          - 10
          geographies:
          - meta_township_code
          - meta_nbhd_code
          - loc_tax_municipality_name
          - loc_ward_num
          - loc_census_puma_geoid
          - loc_census_tract_geoid
          - loc_school_elementary_district_geoid
          - loc_school_secondary_district_geoid
          - loc_school_unified_district_geoid
        toggle.cv_enable: false
    outs:
    - path: output/intermediate/timing/model_timing_train.parquet
      hash: md5
      md5: 0b5c189c84736f99942b1aabe5582870
      size: 2879
    - path: output/parameter_final/model_parameter_final.parquet
      hash: md5
      md5: b234a91486b487642e8738306f87c25c
      size: 8857
    - path: output/parameter_range/model_parameter_range.parquet
      hash: md5
      md5: 150000269b5873fa1b3eaeeff7887ce2
      size: 501
    - path: output/parameter_search/model_parameter_search.parquet
      hash: md5
      md5: 150000269b5873fa1b3eaeeff7887ce2
      size: 501
    - path: output/test_card/model_test_card.parquet
      hash: md5
      md5: e95956454d04a68669f04f5355af3b5e
      size: 1342825
    - path: output/workflow/fit/model_workflow_fit.zip
      hash: md5
      md5: 5a607521588c3aca5761150390082127
      size: 15244546
    - path: output/workflow/recipe/model_workflow_recipe.rds
      hash: md5
      md5: c672f98b0b68e5a16adb0b687b43adca
      size: 4199953
  assess:
    cmd: Rscript pipeline/02-assess.R
    deps:
    - path: input/assessment_data.parquet
      hash: md5
      md5: 605ee612ff45dca2edf5c508993a7f56
      size: 69522635
    - path: input/condo_strata_data.parquet
      hash: md5
      md5: 0a7462f0afccb09bdd94c58148a3ca8d
      size: 40842
    - path: input/land_nbhd_rate_data.parquet
      hash: md5
      md5: e508daf5790982c303d6503fe1cb8e2b
      size: 4413
    - path: input/training_data.parquet
      hash: md5
      md5: 51090aa4f5b5311b1441e62b81fd3827
      size: 68987740
    - path: output/workflow/fit/model_workflow_fit.zip
      hash: md5
      md5: 5a607521588c3aca5761150390082127
      size: 15244546
    - path: output/workflow/recipe/model_workflow_recipe.rds
      hash: md5
      md5: c672f98b0b68e5a16adb0b687b43adca
      size: 4199953
    params:
      params.yaml:
        assessment:
          year: '2024'
          date: '2024-01-01'
          triad: city
          group: condo
          data_year: '2023'
          working_year: '2024'
        model.predictor.all:
        - meta_township_code
        - meta_nbhd_code
        - meta_tieback_proration_rate
        - char_yrblt
        - char_land_sf
        - char_building_units
        - char_building_non_units
        - char_bldg_is_mixed_use
        - char_building_sf
        - char_unit_sf
        - char_bedrooms
        - char_half_baths
        - char_full_baths
        - loc_longitude
        - loc_latitude
        - loc_census_tract_geoid
        - loc_env_flood_fs_factor
        - loc_school_elementary_district_geoid
        - loc_school_secondary_district_geoid
        - loc_access_cmap_walk_nta_score
        - loc_access_cmap_walk_total_score
        - loc_tax_municipality_name
        - prox_num_pin_in_half_mile
        - prox_num_bus_stop_in_half_mile
        - prox_num_foreclosure_per_1000_pin_past_5_years
        - prox_num_school_in_half_mile
        - prox_airport_dnl_total
        - prox_nearest_bike_trail_dist_ft
        - prox_nearest_cemetery_dist_ft
        - prox_nearest_cta_route_dist_ft
        - prox_nearest_cta_stop_dist_ft
        - prox_nearest_hospital_dist_ft
        - prox_lake_michigan_dist_ft
        - prox_nearest_major_road_dist_ft
        - prox_nearest_metra_route_dist_ft
        - prox_nearest_metra_stop_dist_ft
        - prox_nearest_park_dist_ft
        - prox_nearest_railroad_dist_ft
        - prox_nearest_secondary_road_dist_ft
        - prox_nearest_university_dist_ft
        - prox_nearest_vacant_land_dist_ft
        - prox_nearest_water_dist_ft
        - prox_nearest_golf_course_dist_ft
        - acs5_percent_age_children
        - acs5_percent_age_senior
        - acs5_median_age_total
        - acs5_percent_mobility_moved_from_other_state
        - acs5_percent_household_family_married
        - acs5_percent_household_nonfamily_alone
        - acs5_percent_education_high_school
        - acs5_percent_education_bachelor
        - acs5_percent_education_graduate
        - acs5_percent_income_below_poverty_level
        - acs5_median_income_household_past_year
        - acs5_median_income_per_capita_past_year
        - acs5_percent_income_household_received_snap_past_year
        - acs5_percent_employment_unemployed
        - acs5_median_household_total_occupied_year_built
        - acs5_median_household_renter_occupied_gross_rent
        - acs5_percent_household_owner_occupied
        - acs5_percent_household_total_occupied_w_sel_cond
        - acs5_percent_mobility_moved_in_county
        - other_tax_bill_rate
        - ccao_is_active_exe_homeowner
        - ccao_is_corner_lot
        - ccao_n_years_exe_homeowner
        - time_sale_year
        - time_sale_day
        - time_sale_quarter_of_year
        - time_sale_month_of_year
        - time_sale_day_of_year
        - time_sale_day_of_month
        - time_sale_day_of_week
        - time_sale_post_covid
        - meta_strata_1
        - meta_strata_2
        pv:
          land_pct_of_total_cap: 0.5
          round_break:
          - 1000
          - 10000
          round_to_nearest:
          - 1
          - 10
          - 100
          round_type: ceiling
        ratio_study:
          far_year: '2021'
          far_stage: board
          far_column: meta_2yr_pri_board_tot
          near_year: '2023'
          near_stage: certified
          near_column: meta_certified_tot
          min_n_sales: 30
          num_quantile:
          - 3
          - 5
          - 10
          geographies:
          - meta_township_code
          - meta_nbhd_code
          - loc_tax_municipality_name
          - loc_ward_num
          - loc_census_puma_geoid
          - loc_census_tract_geoid
          - loc_school_elementary_district_geoid
          - loc_school_secondary_district_geoid
          - loc_school_unified_district_geoid
    outs:
    - path: output/assessment_card/model_assessment_card.parquet
      hash: md5
      md5: 3442b0b0fb25364caba810a507213109
      size: 38822670
    - path: output/assessment_pin/model_assessment_pin.parquet
      hash: md5
      md5: ae6242ed4427ccd87acab2d87435ab8f
      size: 41641680
    - path: output/intermediate/timing/model_timing_assess.parquet
      hash: md5
      md5: 6e16f8a8ecb256d0555e05258630cc29
      size: 2886
  evaluate:
    cmd: Rscript pipeline/03-evaluate.R
    deps:
    - path: output/assessment_pin/model_assessment_pin.parquet
      hash: md5
      md5: ae6242ed4427ccd87acab2d87435ab8f
      size: 41641680
    - path: output/test_card/model_test_card.parquet
      hash: md5
      md5: e95956454d04a68669f04f5355af3b5e
      size: 1342825
    params:
      params.yaml:
        assessment:
          year: '2024'
          date: '2024-01-01'
          triad: city
          group: condo
          data_year: '2023'
          working_year: '2024'
        ratio_study:
          far_year: '2021'
          far_stage: board
          far_column: meta_2yr_pri_board_tot
          near_year: '2023'
          near_stage: certified
          near_column: meta_certified_tot
          min_n_sales: 30
          num_quantile:
          - 3
          - 5
          - 10
          geographies:
          - meta_township_code
          - meta_nbhd_code
          - loc_tax_municipality_name
          - loc_ward_num
          - loc_census_puma_geoid
          - loc_census_tract_geoid
          - loc_school_elementary_district_geoid
          - loc_school_secondary_district_geoid
          - loc_school_unified_district_geoid
    outs:
    - path: output/intermediate/timing/model_timing_evaluate.parquet
      hash: md5
      md5: a6ba362bf2c50b27aae7bb688e4c2b68
      size: 2900
    - path: output/performance/model_performance_assessment.parquet
      hash: md5
      md5: 6c43dfc44d5e8186f037b5c6d7bbd8b1
      size: 573773
    - path: output/performance/model_performance_test.parquet
      hash: md5
      md5: 9867d9222eb5ff618f69b185ffc7452c
      size: 1060602
    - path: output/performance_quantile/model_performance_quantile_assessment.parquet
      hash: md5
      md5: 8fb50ba32609879ad5fc9b196e07bdae
      size: 461742
    - path: output/performance_quantile/model_performance_quantile_test.parquet
      hash: md5
      md5: 5d5b3e0c69fab782974f89c4bbbf75fb
      size: 1055715
  interpret:
    cmd: Rscript pipeline/04-interpret.R
    deps:
    - path: input/assessment_data.parquet
      hash: md5
      md5: 605ee612ff45dca2edf5c508993a7f56
      size: 69522635
    - path: output/workflow/fit/model_workflow_fit.zip
      hash: md5
      md5: 5a607521588c3aca5761150390082127
      size: 15244546
    - path: output/workflow/recipe/model_workflow_recipe.rds
      hash: md5
      md5: c672f98b0b68e5a16adb0b687b43adca
      size: 4199953
    params:
      params.yaml:
        model.predictor.all:
        - meta_township_code
        - meta_nbhd_code
        - meta_tieback_proration_rate
        - char_yrblt
        - char_land_sf
        - char_building_units
        - char_building_non_units
        - char_bldg_is_mixed_use
        - char_building_sf
        - char_unit_sf
        - char_bedrooms
        - char_half_baths
        - char_full_baths
        - loc_longitude
        - loc_latitude
        - loc_census_tract_geoid
        - loc_env_flood_fs_factor
        - loc_school_elementary_district_geoid
        - loc_school_secondary_district_geoid
        - loc_access_cmap_walk_nta_score
        - loc_access_cmap_walk_total_score
        - loc_tax_municipality_name
        - prox_num_pin_in_half_mile
        - prox_num_bus_stop_in_half_mile
        - prox_num_foreclosure_per_1000_pin_past_5_years
        - prox_num_school_in_half_mile
        - prox_airport_dnl_total
        - prox_nearest_bike_trail_dist_ft
        - prox_nearest_cemetery_dist_ft
        - prox_nearest_cta_route_dist_ft
        - prox_nearest_cta_stop_dist_ft
        - prox_nearest_hospital_dist_ft
        - prox_lake_michigan_dist_ft
        - prox_nearest_major_road_dist_ft
        - prox_nearest_metra_route_dist_ft
        - prox_nearest_metra_stop_dist_ft
        - prox_nearest_park_dist_ft
        - prox_nearest_railroad_dist_ft
        - prox_nearest_secondary_road_dist_ft
        - prox_nearest_university_dist_ft
        - prox_nearest_vacant_land_dist_ft
        - prox_nearest_water_dist_ft
        - prox_nearest_golf_course_dist_ft
        - acs5_percent_age_children
        - acs5_percent_age_senior
        - acs5_median_age_total
        - acs5_percent_mobility_moved_from_other_state
        - acs5_percent_household_family_married
        - acs5_percent_household_nonfamily_alone
        - acs5_percent_education_high_school
        - acs5_percent_education_bachelor
        - acs5_percent_education_graduate
        - acs5_percent_income_below_poverty_level
        - acs5_median_income_household_past_year
        - acs5_median_income_per_capita_past_year
        - acs5_percent_income_household_received_snap_past_year
        - acs5_percent_employment_unemployed
        - acs5_median_household_total_occupied_year_built
        - acs5_median_household_renter_occupied_gross_rent
        - acs5_percent_household_owner_occupied
        - acs5_percent_household_total_occupied_w_sel_cond
        - acs5_percent_mobility_moved_in_county
        - other_tax_bill_rate
        - ccao_is_active_exe_homeowner
        - ccao_is_corner_lot
        - ccao_n_years_exe_homeowner
        - time_sale_year
        - time_sale_day
        - time_sale_quarter_of_year
        - time_sale_month_of_year
        - time_sale_day_of_year
        - time_sale_day_of_month
        - time_sale_day_of_week
        - time_sale_post_covid
        - meta_strata_1
        - meta_strata_2
        toggle.shap_enable: false
    outs:
    - path: output/feature_importance/model_feature_importance.parquet
      hash: md5
      md5: 61db6f11d2ea7aa53d6990445b5d9cd2
      size: 8582
    - path: output/intermediate/timing/model_timing_interpret.parquet
      hash: md5
      md5: 906ad56aba8f66c9a0b32c5ed9b2e5a7
      size: 2914
    - path: output/shap/model_shap.parquet
      hash: md5
      md5: 150000269b5873fa1b3eaeeff7887ce2
      size: 501
  finalize:
    cmd: Rscript pipeline/05-finalize.R
    deps:
    - path: output/intermediate/timing/model_timing_assess.parquet
      hash: md5
      md5: 6e16f8a8ecb256d0555e05258630cc29
      size: 2886
    - path: output/intermediate/timing/model_timing_evaluate.parquet
      hash: md5
      md5: a6ba362bf2c50b27aae7bb688e4c2b68
      size: 2900
    - path: output/intermediate/timing/model_timing_interpret.parquet
      hash: md5
      md5: 906ad56aba8f66c9a0b32c5ed9b2e5a7
      size: 2914
    - path: output/intermediate/timing/model_timing_train.parquet
      hash: md5
      md5: 0b5c189c84736f99942b1aabe5582870
      size: 2879
    params:
      params.yaml:
        cv:
          split_prop: 0.9
          num_folds: 10
          fold_overlap: 9
          initial_set: 20
          max_iterations: 50
          no_improve: 24
          uncertain: 8
          best_metric: rmse
        input:
          min_sale_year: '2015'
          max_sale_year: '2023'
          strata:
            seed: 123
            group_var:
            - meta_township_code
            type: ntile
            k_1: 10
            k_2: 100
            weight_min: 0.3
            weight_max: 1.0
        model:
          engine: lightgbm
          objective: rmse
          seed: 2024
          deterministic: true
          force_row_wise: true
          verbose: -1
          predictor:
            all:
            - meta_township_code
            - meta_nbhd_code
            - meta_tieback_proration_rate
            - char_yrblt
            - char_land_sf
            - char_building_units
            - char_building_non_units
            - char_bldg_is_mixed_use
            - char_building_sf
            - char_unit_sf
            - char_bedrooms
            - char_half_baths
            - char_full_baths
            - loc_longitude
            - loc_latitude
            - loc_census_tract_geoid
            - loc_env_flood_fs_factor
            - loc_school_elementary_district_geoid
            - loc_school_secondary_district_geoid
            - loc_access_cmap_walk_nta_score
            - loc_access_cmap_walk_total_score
            - loc_tax_municipality_name
            - prox_num_pin_in_half_mile
            - prox_num_bus_stop_in_half_mile
            - prox_num_foreclosure_per_1000_pin_past_5_years
            - prox_num_school_in_half_mile
            - prox_airport_dnl_total
            - prox_nearest_bike_trail_dist_ft
            - prox_nearest_cemetery_dist_ft
            - prox_nearest_cta_route_dist_ft
            - prox_nearest_cta_stop_dist_ft
            - prox_nearest_hospital_dist_ft
            - prox_lake_michigan_dist_ft
            - prox_nearest_major_road_dist_ft
            - prox_nearest_metra_route_dist_ft
            - prox_nearest_metra_stop_dist_ft
            - prox_nearest_park_dist_ft
            - prox_nearest_railroad_dist_ft
            - prox_nearest_secondary_road_dist_ft
            - prox_nearest_university_dist_ft
            - prox_nearest_vacant_land_dist_ft
            - prox_nearest_water_dist_ft
            - prox_nearest_golf_course_dist_ft
            - acs5_percent_age_children
            - acs5_percent_age_senior
            - acs5_median_age_total
            - acs5_percent_mobility_moved_from_other_state
            - acs5_percent_household_family_married
            - acs5_percent_household_nonfamily_alone
            - acs5_percent_education_high_school
            - acs5_percent_education_bachelor
            - acs5_percent_education_graduate
            - acs5_percent_income_below_poverty_level
            - acs5_median_income_household_past_year
            - acs5_median_income_per_capita_past_year
            - acs5_percent_income_household_received_snap_past_year
            - acs5_percent_employment_unemployed
            - acs5_median_household_total_occupied_year_built
            - acs5_median_household_renter_occupied_gross_rent
            - acs5_percent_household_owner_occupied
            - acs5_percent_household_total_occupied_w_sel_cond
            - acs5_percent_mobility_moved_in_county
            - other_tax_bill_rate
            - ccao_is_active_exe_homeowner
            - ccao_is_corner_lot
            - ccao_n_years_exe_homeowner
            - time_sale_year
            - time_sale_day
            - time_sale_quarter_of_year
            - time_sale_month_of_year
            - time_sale_day_of_year
            - time_sale_day_of_month
            - time_sale_day_of_week
            - time_sale_post_covid
            - meta_strata_1
            - meta_strata_2
            categorical:
            - meta_township_code
            - meta_nbhd_code
            - loc_census_tract_geoid
            - loc_tax_municipality_name
            - loc_school_elementary_district_geoid
            - loc_school_secondary_district_geoid
            - time_sale_quarter_of_year
            - meta_strata_1
            - meta_strata_2
            knn:
            - meta_strata_1
            - meta_strata_2
            knn_imp:
            - loc_latitude
            - loc_longitude
            - char_building_units
            - char_yrblt
            id:
            - meta_year
            - meta_pin
            - meta_class
            - meta_card_num
            - meta_lline_num
            - meta_sale_document_num
          parameter:
            validation_prop: 0.1
            validation_type: recent
            validation_metric: rmse
            link_max_depth: true
            stop_iter: 50
          hyperparameter:
            default:
              num_iterations: 2275
              learning_rate: 0.011
              max_bin: 225
              num_leaves: 200
              add_to_linked_depth: 2
              feature_fraction: 0.661
              min_gain_to_split: 1.58
              min_data_in_leaf: 44
              max_cat_threshold: 87
              min_data_per_group: 200
              cat_smooth: 140.85
              cat_l2: 0.017
              lambda_l1: 0.697
              lambda_l2: 0.002
              neighbors: 15
            range:
              num_iterations:
              - 100
              - 2500
              learning_rate:
              - -3.0
              - -0.4
              max_bin:
              - 50
              - 512
              num_leaves:
              - 32
              - 2048
              add_to_linked_depth:
              - 1
              - 7
              feature_fraction:
              - 0.3
              - 0.7
              min_gain_to_split:
              - -3.0
              - 4.0
              min_data_in_leaf:
              - 2
              - 400
              max_cat_threshold:
              - 10
              - 250
              min_data_per_group:
              - 2
              - 400
              cat_smooth:
              - 10.0
              - 200.0
              cat_l2:
              - -3
              - 2
              lambda_l1:
              - -3
              - 2
              lambda_l2:
              - -3
              - 2
              neighbors:
              - 5
              - 40
        pv:
          land_pct_of_total_cap: 0.5
          round_break:
          - 1000
          - 10000
          round_to_nearest:
          - 1
          - 10
          - 100
          round_type: ceiling
        ratio_study:
          far_year: '2021'
          far_stage: board
          far_column: meta_2yr_pri_board_tot
          near_year: '2023'
          near_stage: certified
          near_column: meta_certified_tot
          min_n_sales: 30
          num_quantile:
          - 3
          - 5
          - 10
          geographies:
          - meta_township_code
          - meta_nbhd_code
          - loc_tax_municipality_name
          - loc_ward_num
          - loc_census_puma_geoid
          - loc_census_tract_geoid
          - loc_school_elementary_district_geoid
          - loc_school_secondary_district_geoid
          - loc_school_unified_district_geoid
        run_note: "Test run for updated 2024 model pipeline. Remove CCAO collected\
          \ characteristics.\n"
        toggle:
          cv_enable: false
          shap_enable: false
          upload_enable: true
    outs:
    - path: output/intermediate/timing/model_timing_finalize.parquet
      hash: md5
      md5: 172ddb18b1c2e7f4593187f9d3f13069
      size: 2893
    - path: output/metadata/model_metadata.parquet
      hash: md5
      md5: 5bfe8e50f50463253a3f8f4fa3164bb8
      size: 29757
    - path: output/timing/model_timing.parquet
      hash: md5
      md5: 736810f7363817b6023d98b1e74d05af
      size: 6032
    - path: reports/performance/performance.html
      hash: md5
      md5: 004b653e50e9513fc04ad1fc1d5ca544
      size: 80
  export:
    cmd: Rscript pipeline/07-export.R
    params:
      params.yaml:
        assessment.year: '2024'
        export:
          triad_code: '1'
          run_id: 2024-03-11-pensive-manasi
        input.max_sale_year: '2023'
        input.min_sale_year: '2015'
        ratio_study:
          far_year: '2021'
          far_stage: board
          far_column: meta_2yr_pri_board_tot
          near_year: '2023'
          near_stage: certified
          near_column: meta_certified_tot
          min_n_sales: 30
          num_quantile:
          - 3
          - 5
          - 10
          geographies:
          - meta_township_code
          - meta_nbhd_code
          - loc_tax_municipality_name
          - loc_ward_num
          - loc_census_puma_geoid
          - loc_census_tract_geoid
          - loc_school_elementary_district_geoid
          - loc_school_secondary_district_geoid
          - loc_school_unified_district_geoid
  upload:
    cmd: Rscript pipeline/06-upload.R
    deps:
    - path: output/assessment_card/model_assessment_card.parquet
      hash: md5
      md5: 3442b0b0fb25364caba810a507213109
      size: 38822670
    - path: output/assessment_pin/model_assessment_pin.parquet
      hash: md5
      md5: ae6242ed4427ccd87acab2d87435ab8f
      size: 41641680
    - path: output/feature_importance/model_feature_importance.parquet
      hash: md5
      md5: 61db6f11d2ea7aa53d6990445b5d9cd2
      size: 8582
    - path: output/metadata/model_metadata.parquet
      hash: md5
      md5: 5bfe8e50f50463253a3f8f4fa3164bb8
      size: 29757
    - path: output/parameter_final/model_parameter_final.parquet
      hash: md5
      md5: b234a91486b487642e8738306f87c25c
      size: 8857
    - path: output/parameter_range/model_parameter_range.parquet
      hash: md5
      md5: 150000269b5873fa1b3eaeeff7887ce2
      size: 501
    - path: output/parameter_search/model_parameter_search.parquet
      hash: md5
      md5: 150000269b5873fa1b3eaeeff7887ce2
      size: 501
    - path: output/performance/model_performance_assessment.parquet
      hash: md5
      md5: 6c43dfc44d5e8186f037b5c6d7bbd8b1
      size: 573773
    - path: output/performance/model_performance_test.parquet
      hash: md5
      md5: 9867d9222eb5ff618f69b185ffc7452c
      size: 1060602
    - path: output/performance_quantile/model_performance_quantile_assessment.parquet
      hash: md5
      md5: 8fb50ba32609879ad5fc9b196e07bdae
      size: 461742
    - path: output/performance_quantile/model_performance_quantile_test.parquet
      hash: md5
      md5: 5d5b3e0c69fab782974f89c4bbbf75fb
      size: 1055715
    - path: output/shap/model_shap.parquet
      hash: md5
      md5: 150000269b5873fa1b3eaeeff7887ce2
      size: 501
    - path: output/test_card/model_test_card.parquet
      hash: md5
      md5: e95956454d04a68669f04f5355af3b5e
      size: 1342825
    - path: output/timing/model_timing.parquet
      hash: md5
      md5: 736810f7363817b6023d98b1e74d05af
      size: 6032
    - path: output/workflow/fit/model_workflow_fit.zip
      hash: md5
      md5: 5a607521588c3aca5761150390082127
      size: 15244546
    - path: output/workflow/recipe/model_workflow_recipe.rds
      hash: md5
      md5: c672f98b0b68e5a16adb0b687b43adca
      size: 4199953
    - path: reports/performance/performance.html
      hash: md5
      md5: 004b653e50e9513fc04ad1fc1d5ca544
      size: 80
