schema: '2.0'
stages:
  ingest:
    cmd: Rscript pipeline/00-ingest.R
    deps:
    - path: pipeline/00-ingest.R
      hash: md5
      md5: d908daab5b2c09f1a43ae52075dfb3cc
      size: 25830
    params:
      params.yaml:
        assessment:
          year: '2026'
          date: '2026-01-01'
          triad: south
          group: condo
          data_year: '2025'
          working_year: '2026'
        input:
          min_sale_year: '2017'
          max_sale_year: '2025'
          n_years_prior: 5
          building:
            weight_min: 0.1
            weight_max: 1.0
    outs:
    - path: input/assessment_data.parquet
      hash: md5
      md5: caaa3525a5666251fb7e87ae34ee855f
      size: 82959943
    - path: input/char_data.parquet
      hash: md5
      md5: cde3c37f5af556109a60831eab19a616
      size: 154961864
    - path: input/land_nbhd_rate_data.parquet
      hash: md5
      md5: b4cfaf3d4a35c250990752024a88f3bb
      size: 5709
    - path: input/training_data.parquet
      hash: md5
      md5: 8e34ebaa488c6fbabe56c43dfec41667
      size: 75827972
  train:
    cmd: Rscript pipeline/01-train.R
    deps:
    - path: input/training_data.parquet
      hash: md5
      md5: 2c8977159c44e9ddd96dd81845ea13be
      size: 75767995
    - path: pipeline/01-train.R
      hash: md5
      md5: 7911bca87d5c7ea6c582cc33b5dfe82e
      size: 17338
    params:
      params.yaml:
        cv:
          split_prop: 0.9
          num_folds: 7
          fold_overlap: 9
          initial_set: 20
          max_iterations: 50
          no_improve: 24
          uncertain: 8
          best_metric: rmse
        model.engine: lightgbm
        model.hyperparameter:
          default:
            num_iterations: 1175
            learning_rate: 0.0375
            max_bin: 465
            num_leaves: 64
            add_to_linked_depth: 3
            feature_fraction: 0.559
            min_gain_to_split: 0.312
            min_data_in_leaf: 36
            max_cat_threshold: 175
            min_data_per_group: 215
            cat_smooth: 92.06
            cat_l2: 0.016
            lambda_l1: 23.739
            lambda_l2: 0.199
            imp_trees: 15
          range:
            num_iterations:
            - 100
            - 2500
            learning_rate:
            - -3.0
            - -0.4
            max_bin:
            - 50
            - 512
            num_leaves:
            - 32
            - 2048
            add_to_linked_depth:
            - 1
            - 7
            feature_fraction:
            - 0.3
            - 0.7
            min_gain_to_split:
            - -3.0
            - 4.0
            min_data_in_leaf:
            - 2
            - 400
            max_cat_threshold:
            - 10
            - 250
            min_data_per_group:
            - 2
            - 400
            cat_smooth:
            - 10.0
            - 200.0
            cat_l2:
            - -3
            - 2
            lambda_l1:
            - -3
            - 2
            lambda_l2:
            - -3
            - 2
            imp_trees:
            - 5
            - 50
        model.objective: rmse
        model.parameter:
          validation_prop: 0.1
          validation_type: recent
          validation_metric: rmse
          link_max_depth: true
          stop_iter: 50
        model.predictor:
          all:
          - meta_township_code
          - meta_nbhd_code
          - meta_tieback_proration_rate
          - char_yrblt
          - char_land_sf
          - char_building_units
          - char_building_non_units
          - char_bldg_is_mixed_use
          - char_building_sf
          - char_unit_sf
          - char_bedrooms
          - char_half_baths
          - char_full_baths
          - loc_longitude
          - loc_latitude
          - loc_census_tract_geoid
          - loc_env_flood_fs_factor
          - loc_school_elementary_district_geoid
          - loc_school_secondary_district_geoid
          - loc_access_cmap_walk_nta_score
          - loc_access_cmap_walk_total_score
          - loc_tax_municipality_name
          - prox_num_pin_in_half_mile
          - prox_num_bus_stop_in_half_mile
          - prox_num_foreclosure_per_1000_pin_past_5_years
          - prox_airport_dnl_total
          - prox_nearest_bike_trail_dist_ft
          - prox_nearest_cemetery_dist_ft
          - prox_nearest_cta_route_dist_ft
          - prox_nearest_cta_stop_dist_ft
          - prox_nearest_hospital_dist_ft
          - prox_lake_michigan_dist_ft
          - prox_nearest_metra_route_dist_ft
          - prox_nearest_metra_stop_dist_ft
          - prox_nearest_park_dist_ft
          - prox_nearest_railroad_dist_ft
          - prox_nearest_university_dist_ft
          - prox_nearest_vacant_land_dist_ft
          - prox_nearest_water_dist_ft
          - prox_nearest_golf_course_dist_ft
          - prox_nearest_road_highway_dist_ft
          - prox_nearest_road_arterial_dist_ft
          - prox_nearest_road_collector_dist_ft
          - prox_nearest_road_arterial_daily_traffic
          - prox_nearest_road_collector_daily_traffic
          - prox_nearest_new_construction_dist_ft
          - prox_nearest_stadium_dist_ft
          - acs5_percent_age_children
          - acs5_percent_age_senior
          - acs5_median_age_total
          - acs5_percent_household_family_married
          - acs5_percent_household_nonfamily_alone
          - acs5_percent_education_high_school
          - acs5_percent_education_bachelor
          - acs5_percent_education_graduate
          - acs5_percent_income_below_poverty_level
          - acs5_median_income_household_past_year
          - acs5_median_income_per_capita_past_year
          - acs5_percent_income_household_received_snap_past_year
          - acs5_percent_employment_unemployed
          - acs5_median_household_total_occupied_year_built
          - acs5_median_household_renter_occupied_gross_rent
          - acs5_percent_household_owner_occupied
          - other_tax_bill_rate
          - time_sale_year
          - time_sale_day
          - time_sale_quarter_of_year
          - time_sale_month_of_year
          - time_sale_day_of_year
          - time_sale_day_of_month
          - time_sale_day_of_week
          - time_sale_post_covid
          - shp_parcel_centroid_dist_ft_sd
          - shp_parcel_edge_len_ft_sd
          - shp_parcel_interior_angle_sd
          - shp_parcel_mrr_area_ratio
          - shp_parcel_mrr_side_ratio
          - shp_parcel_num_vertices
          - meta_pin10_bldg_roll_mean
          - meta_pin10_bldg_roll_pct_sold
          categorical:
          - meta_township_code
          - meta_nbhd_code
          - loc_census_tract_geoid
          - loc_tax_municipality_name
          - loc_school_elementary_district_geoid
          - loc_school_secondary_district_geoid
          - time_sale_quarter_of_year
          imp:
          - meta_pin10_bldg_roll_mean
          imp_vars:
          - loc_latitude
          - loc_longitude
          - char_building_units
          - char_yrblt
          - meta_township_code
          - char_land_sf
          - char_building_non_units
          - char_bldg_is_mixed_use
          - char_building_sf
          id:
          - meta_year
          - meta_pin
          - meta_class
          - meta_card_num
          - meta_lline_num
          - meta_sale_document_num
        model.seed: 2026
        model.verbose: -1
        ratio_study:
          far_year: '2023'
          far_stage: board
          far_column: meta_2yr_pri_board_tot
          near_year: '2025'
          near_stage: certified
          near_column: meta_certified_tot
          min_n_sales: 30
          num_quantile:
          - 3
          - 5
          - 10
          geographies:
          - meta_township_code
          - meta_nbhd_code
          - loc_tax_municipality_name
          - loc_ward_num
          - loc_census_tract_geoid
          - loc_school_elementary_district_geoid
          - loc_school_secondary_district_geoid
          - loc_school_unified_district_geoid
        toggle.cv_enable: false
    outs:
    - path: output/intermediate/timing/model_timing_train.parquet
      hash: md5
      md5: b66257866f803a51b95018efe59b6af0
      size: 2489
    - path: output/parameter_final/model_parameter_final.parquet
      hash: md5
      md5: 4e88c21fbd94c9f5a598dcdf670dab7c
      size: 6658
    - path: output/parameter_range/model_parameter_range.parquet
      hash: md5
      md5: b378f8ae73167478032391c6cdd3bbad
      size: 501
    - path: output/parameter_search/model_parameter_search.parquet
      hash: md5
      md5: b378f8ae73167478032391c6cdd3bbad
      size: 501
    - path: output/test_card/model_test_card.parquet
      hash: md5
      md5: bff417c864ef9665d2b7032fa54653cb
      size: 1301224
    - path: output/workflow/fit/model_workflow_fit.zip
      hash: md5
      md5: a5e528d7ecf0b03cd582ed375b682586
      size: 2868515
    - path: output/workflow/recipe/model_workflow_recipe.rds
      hash: md5
      md5: d6cbaabc6ef0a703a7a8ec2c9a1306bf
      size: 662614233
  assess:
    cmd: Rscript pipeline/02-assess.R
    deps:
    - path: input/assessment_data.parquet
      hash: md5
      md5: 399f4fef732055672f7f225b7425e362
      size: 83066529
    - path: input/land_nbhd_rate_data.parquet
      hash: md5
      md5: b4cfaf3d4a35c250990752024a88f3bb
      size: 5709
    - path: input/training_data.parquet
      hash: md5
      md5: 2c8977159c44e9ddd96dd81845ea13be
      size: 75767995
    - path: output/workflow/fit/model_workflow_fit.zip
      hash: md5
      md5: a5e528d7ecf0b03cd582ed375b682586
      size: 2868515
    - path: output/workflow/recipe/model_workflow_recipe.rds
      hash: md5
      md5: d6cbaabc6ef0a703a7a8ec2c9a1306bf
      size: 662614233
    - path: pipeline/02-assess.R
      hash: md5
      md5: 410702673f2978f523557c2a9bb0ed73
      size: 16633
    params:
      params.yaml:
        assessment:
          year: '2026'
          date: '2026-01-01'
          triad: south
          group: condo
          data_year: '2025'
          working_year: '2026'
        model.predictor.all:
        - meta_township_code
        - meta_nbhd_code
        - meta_tieback_proration_rate
        - char_yrblt
        - char_land_sf
        - char_building_units
        - char_building_non_units
        - char_bldg_is_mixed_use
        - char_building_sf
        - char_unit_sf
        - char_bedrooms
        - char_half_baths
        - char_full_baths
        - loc_longitude
        - loc_latitude
        - loc_census_tract_geoid
        - loc_env_flood_fs_factor
        - loc_school_elementary_district_geoid
        - loc_school_secondary_district_geoid
        - loc_access_cmap_walk_nta_score
        - loc_access_cmap_walk_total_score
        - loc_tax_municipality_name
        - prox_num_pin_in_half_mile
        - prox_num_bus_stop_in_half_mile
        - prox_num_foreclosure_per_1000_pin_past_5_years
        - prox_airport_dnl_total
        - prox_nearest_bike_trail_dist_ft
        - prox_nearest_cemetery_dist_ft
        - prox_nearest_cta_route_dist_ft
        - prox_nearest_cta_stop_dist_ft
        - prox_nearest_hospital_dist_ft
        - prox_lake_michigan_dist_ft
        - prox_nearest_metra_route_dist_ft
        - prox_nearest_metra_stop_dist_ft
        - prox_nearest_park_dist_ft
        - prox_nearest_railroad_dist_ft
        - prox_nearest_university_dist_ft
        - prox_nearest_vacant_land_dist_ft
        - prox_nearest_water_dist_ft
        - prox_nearest_golf_course_dist_ft
        - prox_nearest_road_highway_dist_ft
        - prox_nearest_road_arterial_dist_ft
        - prox_nearest_road_collector_dist_ft
        - prox_nearest_road_arterial_daily_traffic
        - prox_nearest_road_collector_daily_traffic
        - prox_nearest_new_construction_dist_ft
        - prox_nearest_stadium_dist_ft
        - acs5_percent_age_children
        - acs5_percent_age_senior
        - acs5_median_age_total
        - acs5_percent_household_family_married
        - acs5_percent_household_nonfamily_alone
        - acs5_percent_education_high_school
        - acs5_percent_education_bachelor
        - acs5_percent_education_graduate
        - acs5_percent_income_below_poverty_level
        - acs5_median_income_household_past_year
        - acs5_median_income_per_capita_past_year
        - acs5_percent_income_household_received_snap_past_year
        - acs5_percent_employment_unemployed
        - acs5_median_household_total_occupied_year_built
        - acs5_median_household_renter_occupied_gross_rent
        - acs5_percent_household_owner_occupied
        - other_tax_bill_rate
        - time_sale_year
        - time_sale_day
        - time_sale_quarter_of_year
        - time_sale_month_of_year
        - time_sale_day_of_year
        - time_sale_day_of_month
        - time_sale_day_of_week
        - time_sale_post_covid
        - shp_parcel_centroid_dist_ft_sd
        - shp_parcel_edge_len_ft_sd
        - shp_parcel_interior_angle_sd
        - shp_parcel_mrr_area_ratio
        - shp_parcel_mrr_side_ratio
        - shp_parcel_num_vertices
        - meta_pin10_bldg_roll_mean
        - meta_pin10_bldg_roll_pct_sold
        pv:
          land_pct_of_total_cap: 0.5
          round_break:
          - 1000
          - 10000
          round_to_nearest:
          - 1
          - 10
          - 100
          round_type: ceiling
        ratio_study:
          far_year: '2023'
          far_stage: board
          far_column: meta_2yr_pri_board_tot
          near_year: '2025'
          near_stage: certified
          near_column: meta_certified_tot
          min_n_sales: 30
          num_quantile:
          - 3
          - 5
          - 10
          geographies:
          - meta_township_code
          - meta_nbhd_code
          - loc_tax_municipality_name
          - loc_ward_num
          - loc_census_tract_geoid
          - loc_school_elementary_district_geoid
          - loc_school_secondary_district_geoid
          - loc_school_unified_district_geoid
    outs:
    - path: output/assessment_card/model_assessment_card.parquet
      hash: md5
      md5: 4f4327837521146f194b5055e315391a
      size: 45161356
    - path: output/assessment_pin/model_assessment_pin.parquet
      hash: md5
      md5: 11fdac26641c169e5655a428fbd6a4b8
      size: 39072445
    - path: output/intermediate/timing/model_timing_assess.parquet
      hash: md5
      md5: a3ab507d27a7d334524ff4c5e243517f
      size: 2494
  evaluate:
    cmd: Rscript pipeline/03-evaluate.R
    deps:
    - path: output/assessment_pin/model_assessment_pin.parquet
      hash: md5
      md5: 11fdac26641c169e5655a428fbd6a4b8
      size: 39072445
    - path: output/test_card/model_test_card.parquet
      hash: md5
      md5: bff417c864ef9665d2b7032fa54653cb
      size: 1301224
    - path: pipeline/03-evaluate.R
      hash: md5
      md5: a1e765acbb7531bdfc17e0cc60508914
      size: 17400
    params:
      params.yaml:
        assessment:
          year: '2026'
          date: '2026-01-01'
          triad: south
          group: condo
          data_year: '2025'
          working_year: '2026'
        ratio_study:
          far_year: '2023'
          far_stage: board
          far_column: meta_2yr_pri_board_tot
          near_year: '2025'
          near_stage: certified
          near_column: meta_certified_tot
          min_n_sales: 30
          num_quantile:
          - 3
          - 5
          - 10
          geographies:
          - meta_township_code
          - meta_nbhd_code
          - loc_tax_municipality_name
          - loc_ward_num
          - loc_census_tract_geoid
          - loc_school_elementary_district_geoid
          - loc_school_secondary_district_geoid
          - loc_school_unified_district_geoid
    outs:
    - path: output/intermediate/timing/model_timing_evaluate.parquet
      hash: md5
      md5: 15010d9e5d21163287539678cf6ac9bf
      size: 2509
    - path: output/performance/model_performance_assessment.parquet
      hash: md5
      md5: 914efa6ed7dd798d3086ea1e7bfa6405
      size: 299001
    - path: output/performance/model_performance_test.parquet
      hash: md5
      md5: aa8f955b9c60fadb216db2e9ec862842
      size: 998789
    - path: output/performance_quantile/model_performance_quantile_assessment.parquet
      hash: md5
      md5: 2b0f85d96cb7eee7a29914092aab8d31
      size: 187878
    - path: output/performance_quantile/model_performance_quantile_test.parquet
      hash: md5
      md5: 7615ff2a413211849b99a835ee50162e
      size: 982743
  interpret:
    cmd: Rscript pipeline/04-interpret.R
    deps:
    - path: input/assessment_data.parquet
      hash: md5
      md5: 399f4fef732055672f7f225b7425e362
      size: 83066529
    - path: output/workflow/fit/model_workflow_fit.zip
      hash: md5
      md5: a5e528d7ecf0b03cd582ed375b682586
      size: 2868515
    - path: output/workflow/recipe/model_workflow_recipe.rds
      hash: md5
      md5: d6cbaabc6ef0a703a7a8ec2c9a1306bf
      size: 662614233
    - path: pipeline/04-interpret.R
      hash: md5
      md5: 51795fcf45dabc142f57c7b6e524b74b
      size: 4194
    params:
      params.yaml:
        model.predictor.all:
        - meta_township_code
        - meta_nbhd_code
        - meta_tieback_proration_rate
        - char_yrblt
        - char_land_sf
        - char_building_units
        - char_building_non_units
        - char_bldg_is_mixed_use
        - char_building_sf
        - char_unit_sf
        - char_bedrooms
        - char_half_baths
        - char_full_baths
        - loc_longitude
        - loc_latitude
        - loc_census_tract_geoid
        - loc_env_flood_fs_factor
        - loc_school_elementary_district_geoid
        - loc_school_secondary_district_geoid
        - loc_access_cmap_walk_nta_score
        - loc_access_cmap_walk_total_score
        - loc_tax_municipality_name
        - prox_num_pin_in_half_mile
        - prox_num_bus_stop_in_half_mile
        - prox_num_foreclosure_per_1000_pin_past_5_years
        - prox_airport_dnl_total
        - prox_nearest_bike_trail_dist_ft
        - prox_nearest_cemetery_dist_ft
        - prox_nearest_cta_route_dist_ft
        - prox_nearest_cta_stop_dist_ft
        - prox_nearest_hospital_dist_ft
        - prox_lake_michigan_dist_ft
        - prox_nearest_metra_route_dist_ft
        - prox_nearest_metra_stop_dist_ft
        - prox_nearest_park_dist_ft
        - prox_nearest_railroad_dist_ft
        - prox_nearest_university_dist_ft
        - prox_nearest_vacant_land_dist_ft
        - prox_nearest_water_dist_ft
        - prox_nearest_golf_course_dist_ft
        - prox_nearest_road_highway_dist_ft
        - prox_nearest_road_arterial_dist_ft
        - prox_nearest_road_collector_dist_ft
        - prox_nearest_road_arterial_daily_traffic
        - prox_nearest_road_collector_daily_traffic
        - prox_nearest_new_construction_dist_ft
        - prox_nearest_stadium_dist_ft
        - acs5_percent_age_children
        - acs5_percent_age_senior
        - acs5_median_age_total
        - acs5_percent_household_family_married
        - acs5_percent_household_nonfamily_alone
        - acs5_percent_education_high_school
        - acs5_percent_education_bachelor
        - acs5_percent_education_graduate
        - acs5_percent_income_below_poverty_level
        - acs5_median_income_household_past_year
        - acs5_median_income_per_capita_past_year
        - acs5_percent_income_household_received_snap_past_year
        - acs5_percent_employment_unemployed
        - acs5_median_household_total_occupied_year_built
        - acs5_median_household_renter_occupied_gross_rent
        - acs5_percent_household_owner_occupied
        - other_tax_bill_rate
        - time_sale_year
        - time_sale_day
        - time_sale_quarter_of_year
        - time_sale_month_of_year
        - time_sale_day_of_year
        - time_sale_day_of_month
        - time_sale_day_of_week
        - time_sale_post_covid
        - shp_parcel_centroid_dist_ft_sd
        - shp_parcel_edge_len_ft_sd
        - shp_parcel_interior_angle_sd
        - shp_parcel_mrr_area_ratio
        - shp_parcel_mrr_side_ratio
        - shp_parcel_num_vertices
        - meta_pin10_bldg_roll_mean
        - meta_pin10_bldg_roll_pct_sold
        toggle.shap_enable: true
    outs:
    - path: output/feature_importance/model_feature_importance.parquet
      hash: md5
      md5: 46a063d03c67cc19bab2e9a23f07768b
      size: 7794
    - path: output/intermediate/timing/model_timing_interpret.parquet
      hash: md5
      md5: 5e61dd1bac080b6aec91bde01342ea94
      size: 2529
    - path: output/shap/model_shap.parquet
      hash: md5
      md5: fd42dc4cb7d41b1cab1ec60ae770b8f7
      size: 159167879
  finalize:
    cmd: Rscript pipeline/05-finalize.R
    deps:
    - path: output/intermediate/timing/model_timing_assess.parquet
      hash: md5
      md5: a3ab507d27a7d334524ff4c5e243517f
      size: 2494
    - path: output/intermediate/timing/model_timing_evaluate.parquet
      hash: md5
      md5: 15010d9e5d21163287539678cf6ac9bf
      size: 2509
    - path: output/intermediate/timing/model_timing_interpret.parquet
      hash: md5
      md5: 5e61dd1bac080b6aec91bde01342ea94
      size: 2529
    - path: output/intermediate/timing/model_timing_train.parquet
      hash: md5
      md5: b66257866f803a51b95018efe59b6af0
      size: 2489
    - path: pipeline/05-finalize.R
      hash: md5
      md5: c25e5ec1a936d176a68f858033b9b136
      size: 7610
    params:
      params.yaml:
        cv:
          split_prop: 0.9
          num_folds: 7
          fold_overlap: 9
          initial_set: 20
          max_iterations: 50
          no_improve: 24
          uncertain: 8
          best_metric: rmse
        input:
          min_sale_year: '2017'
          max_sale_year: '2025'
          n_years_prior: 5
          building:
            weight_min: 0.1
            weight_max: 1.0
        model:
          engine: lightgbm
          objective: rmse
          seed: 2026
          deterministic: true
          force_row_wise: true
          verbose: -1
          predictor:
            all:
            - meta_township_code
            - meta_nbhd_code
            - meta_tieback_proration_rate
            - char_yrblt
            - char_land_sf
            - char_building_units
            - char_building_non_units
            - char_bldg_is_mixed_use
            - char_building_sf
            - char_unit_sf
            - char_bedrooms
            - char_half_baths
            - char_full_baths
            - loc_longitude
            - loc_latitude
            - loc_census_tract_geoid
            - loc_env_flood_fs_factor
            - loc_school_elementary_district_geoid
            - loc_school_secondary_district_geoid
            - loc_access_cmap_walk_nta_score
            - loc_access_cmap_walk_total_score
            - loc_tax_municipality_name
            - prox_num_pin_in_half_mile
            - prox_num_bus_stop_in_half_mile
            - prox_num_foreclosure_per_1000_pin_past_5_years
            - prox_airport_dnl_total
            - prox_nearest_bike_trail_dist_ft
            - prox_nearest_cemetery_dist_ft
            - prox_nearest_cta_route_dist_ft
            - prox_nearest_cta_stop_dist_ft
            - prox_nearest_hospital_dist_ft
            - prox_lake_michigan_dist_ft
            - prox_nearest_metra_route_dist_ft
            - prox_nearest_metra_stop_dist_ft
            - prox_nearest_park_dist_ft
            - prox_nearest_railroad_dist_ft
            - prox_nearest_university_dist_ft
            - prox_nearest_vacant_land_dist_ft
            - prox_nearest_water_dist_ft
            - prox_nearest_golf_course_dist_ft
            - prox_nearest_road_highway_dist_ft
            - prox_nearest_road_arterial_dist_ft
            - prox_nearest_road_collector_dist_ft
            - prox_nearest_road_arterial_daily_traffic
            - prox_nearest_road_collector_daily_traffic
            - prox_nearest_new_construction_dist_ft
            - prox_nearest_stadium_dist_ft
            - acs5_percent_age_children
            - acs5_percent_age_senior
            - acs5_median_age_total
            - acs5_percent_household_family_married
            - acs5_percent_household_nonfamily_alone
            - acs5_percent_education_high_school
            - acs5_percent_education_bachelor
            - acs5_percent_education_graduate
            - acs5_percent_income_below_poverty_level
            - acs5_median_income_household_past_year
            - acs5_median_income_per_capita_past_year
            - acs5_percent_income_household_received_snap_past_year
            - acs5_percent_employment_unemployed
            - acs5_median_household_total_occupied_year_built
            - acs5_median_household_renter_occupied_gross_rent
            - acs5_percent_household_owner_occupied
            - other_tax_bill_rate
            - time_sale_year
            - time_sale_day
            - time_sale_quarter_of_year
            - time_sale_month_of_year
            - time_sale_day_of_year
            - time_sale_day_of_month
            - time_sale_day_of_week
            - time_sale_post_covid
            - shp_parcel_centroid_dist_ft_sd
            - shp_parcel_edge_len_ft_sd
            - shp_parcel_interior_angle_sd
            - shp_parcel_mrr_area_ratio
            - shp_parcel_mrr_side_ratio
            - shp_parcel_num_vertices
            - meta_pin10_bldg_roll_mean
            - meta_pin10_bldg_roll_pct_sold
            categorical:
            - meta_township_code
            - meta_nbhd_code
            - loc_census_tract_geoid
            - loc_tax_municipality_name
            - loc_school_elementary_district_geoid
            - loc_school_secondary_district_geoid
            - time_sale_quarter_of_year
            imp:
            - meta_pin10_bldg_roll_mean
            imp_vars:
            - loc_latitude
            - loc_longitude
            - char_building_units
            - char_yrblt
            - meta_township_code
            - char_land_sf
            - char_building_non_units
            - char_bldg_is_mixed_use
            - char_building_sf
            id:
            - meta_year
            - meta_pin
            - meta_class
            - meta_card_num
            - meta_lline_num
            - meta_sale_document_num
          parameter:
            validation_prop: 0.1
            validation_type: recent
            validation_metric: rmse
            link_max_depth: true
            stop_iter: 50
          hyperparameter:
            default:
              num_iterations: 1175
              learning_rate: 0.0375
              max_bin: 465
              num_leaves: 64
              add_to_linked_depth: 3
              feature_fraction: 0.559
              min_gain_to_split: 0.312
              min_data_in_leaf: 36
              max_cat_threshold: 175
              min_data_per_group: 215
              cat_smooth: 92.06
              cat_l2: 0.016
              lambda_l1: 23.739
              lambda_l2: 0.199
              imp_trees: 15
            range:
              num_iterations:
              - 100
              - 2500
              learning_rate:
              - -3.0
              - -0.4
              max_bin:
              - 50
              - 512
              num_leaves:
              - 32
              - 2048
              add_to_linked_depth:
              - 1
              - 7
              feature_fraction:
              - 0.3
              - 0.7
              min_gain_to_split:
              - -3.0
              - 4.0
              min_data_in_leaf:
              - 2
              - 400
              max_cat_threshold:
              - 10
              - 250
              min_data_per_group:
              - 2
              - 400
              cat_smooth:
              - 10.0
              - 200.0
              cat_l2:
              - -3
              - 2
              lambda_l1:
              - -3
              - 2
              lambda_l2:
              - -3
              - 2
              imp_trees:
              - 5
              - 50
        pv:
          land_pct_of_total_cap: 0.5
          round_break:
          - 1000
          - 10000
          round_to_nearest:
          - 1
          - 10
          - 100
          round_type: ceiling
        ratio_study:
          far_year: '2023'
          far_stage: board
          far_column: meta_2yr_pri_board_tot
          near_year: '2025'
          near_stage: certified
          near_column: meta_certified_tot
          min_n_sales: 30
          num_quantile:
          - 3
          - 5
          - 10
          geographies:
          - meta_township_code
          - meta_nbhd_code
          - loc_tax_municipality_name
          - loc_ward_num
          - loc_census_tract_geoid
          - loc_school_elementary_district_geoid
          - loc_school_secondary_district_geoid
          - loc_school_unified_district_geoid
        run_note: Potential baseline 2026 condo model run with SHAP values
        toggle:
          cv_enable: false
          shap_enable: true
          upload_enable: true
    outs:
    - path: output/intermediate/timing/model_timing_finalize.parquet
      hash: md5
      md5: 7f523be49d1517d67871d5e1df78e6cf
      size: 2514
    - path: output/metadata/model_metadata.parquet
      hash: md5
      md5: 001d459bfa89efe92a7755d95231a756
      size: 19194
    - path: output/timing/model_timing.parquet
      hash: md5
      md5: d38f10a5aa7d3bdeeaee42a62bfa10a0
      size: 5123
    - path: reports/performance/performance.html
      hash: md5
      md5: ed222e6db07f9361f22d293b34aabd0d
      size: 22887987
  export:
    cmd: Rscript pipeline/07-export.R
    deps:
    - path: pipeline/07-export.R
      hash: md5
      md5: 25b214fcc1b43dea2efe91fbe6b4e674
      size: 20605
    params:
      params.yaml:
        assessment.year: '2026'
        export:
          triad_code: '3'
          run_id: 2026-01-31-reverent-michael
        input.max_sale_year: '2025'
        input.min_sale_year: '2017'
        ratio_study:
          far_year: '2023'
          far_stage: board
          far_column: meta_2yr_pri_board_tot
          near_year: '2025'
          near_stage: certified
          near_column: meta_certified_tot
          min_n_sales: 30
          num_quantile:
          - 3
          - 5
          - 10
          geographies:
          - meta_township_code
          - meta_nbhd_code
          - loc_tax_municipality_name
          - loc_ward_num
          - loc_census_tract_geoid
          - loc_school_elementary_district_geoid
          - loc_school_secondary_district_geoid
          - loc_school_unified_district_geoid
  upload:
    cmd: Rscript pipeline/06-upload.R
    deps:
    - path: output/assessment_card/model_assessment_card.parquet
      hash: md5
      md5: 4f4327837521146f194b5055e315391a
      size: 45161356
    - path: output/assessment_pin/model_assessment_pin.parquet
      hash: md5
      md5: 11fdac26641c169e5655a428fbd6a4b8
      size: 39072445
    - path: output/feature_importance/model_feature_importance.parquet
      hash: md5
      md5: 46a063d03c67cc19bab2e9a23f07768b
      size: 7794
    - path: output/metadata/model_metadata.parquet
      hash: md5
      md5: 001d459bfa89efe92a7755d95231a756
      size: 19194
    - path: output/parameter_final/model_parameter_final.parquet
      hash: md5
      md5: 4e88c21fbd94c9f5a598dcdf670dab7c
      size: 6658
    - path: output/parameter_range/model_parameter_range.parquet
      hash: md5
      md5: b378f8ae73167478032391c6cdd3bbad
      size: 501
    - path: output/parameter_search/model_parameter_search.parquet
      hash: md5
      md5: b378f8ae73167478032391c6cdd3bbad
      size: 501
    - path: output/performance/model_performance_assessment.parquet
      hash: md5
      md5: 914efa6ed7dd798d3086ea1e7bfa6405
      size: 299001
    - path: output/performance/model_performance_test.parquet
      hash: md5
      md5: aa8f955b9c60fadb216db2e9ec862842
      size: 998789
    - path: output/performance_quantile/model_performance_quantile_assessment.parquet
      hash: md5
      md5: 2b0f85d96cb7eee7a29914092aab8d31
      size: 187878
    - path: output/performance_quantile/model_performance_quantile_test.parquet
      hash: md5
      md5: 7615ff2a413211849b99a835ee50162e
      size: 982743
    - path: output/shap/model_shap.parquet
      hash: md5
      md5: fd42dc4cb7d41b1cab1ec60ae770b8f7
      size: 159167879
    - path: output/test_card/model_test_card.parquet
      hash: md5
      md5: bff417c864ef9665d2b7032fa54653cb
      size: 1301224
    - path: output/timing/model_timing.parquet
      hash: md5
      md5: d38f10a5aa7d3bdeeaee42a62bfa10a0
      size: 5123
    - path: output/workflow/fit/model_workflow_fit.zip
      hash: md5
      md5: a5e528d7ecf0b03cd582ed375b682586
      size: 2868515
    - path: output/workflow/recipe/model_workflow_recipe.rds
      hash: md5
      md5: d6cbaabc6ef0a703a7a8ec2c9a1306bf
      size: 662614233
    - path: pipeline/06-upload.R
      hash: md5
      md5: 613632039c6744d3132a8760c1b51099
      size: 10855
    - path: reports/performance/performance.html
      hash: md5
      md5: ed222e6db07f9361f22d293b34aabd0d
      size: 22887987
