schema: '2.0'
stages:
  ingest:
    cmd: Rscript pipeline/00-ingest.R
    params:
      params.yaml:
        assessment:
          year: '2023'
          date: '2023-01-01'
          triad: south
          group: condo
          data_year: '2023'
        input:
          min_sale_year: '2014'
          max_sale_year: '2022'
          time_split: 15
          sale_validation:
            stat_groups:
            - meta_year
            - meta_township_code
            - meta_class
            iso_forest:
            - meta_sale_price
            - sv_days_since_last_transaction
            - sv_cgdr
            - sv_sale_dup_counts
            dev_bounds:
            - 2
            - 3
          strata:
            seed: 123
            group_var:
            - meta_township_code
            type: ntile
            k_1: 10
            k_2: 100
            weight_min: 0.3
            weight_max: 1.0
    outs:
    - path: input/assessment_data.parquet
      md5: 3617267c3b6b022217cf3998b7449bab
      size: 61554874
    - path: input/condo_strata_data.parquet
      md5: 68c1b58a31e3f20bc4d241d3cb3c80cf
      size: 40855
    - path: input/land_nbhd_rate_data.parquet
      md5: 730c5638b23ef13d160b65c1ad35549c
      size: 4246
    - path: input/training_data.parquet
      md5: da2445b77cdb3d7fe4a69fc3e0855eb3
      size: 54728128
  train:
    cmd: Rscript pipeline/01-train.R
    deps:
    - path: input/training_data.parquet
      md5: eb8267f3c178bb009fdfcf45a6cc9a31
      size: 54745064
    params:
      params.yaml:
        cv:
          split_prop: 0.9
          initial_set: 20
          max_iterations: 70
          no_improve: 20
          best_metric: rmse
        input.time_split: 15
        model.engine: lightgbm
        model.hyperparameter:
          default:
            num_leaves: 1363
            add_to_linked_depth: 1
            feature_fraction: 0.475
            min_gain_to_split: 3.73
            min_data_in_leaf: 7
            max_cat_threshold: 195
            min_data_per_group: 80
            cat_smooth: 40.44
            cat_l2: 0.83
            lambda_l1: 0.105
            lambda_l2: 0.024
            neighbors: 10
          range:
            num_leaves:
            - 50
            - 2000
            add_to_linked_depth:
            - 1
            - 7
            feature_fraction:
            - 0.3
            - 0.8
            min_gain_to_split:
            - -4.0
            - 2.0
            min_data_in_leaf:
            - 2
            - 150
            max_cat_threshold:
            - 20
            - 250
            min_data_per_group:
            - 20
            - 200
            cat_smooth:
            - 10.0
            - 100.0
            cat_l2:
            - -3
            - 3
            lambda_l1:
            - -3
            - 3
            lambda_l2:
            - -3
            - 3
            neighbors:
            - 5
            - 40
        model.objective: rmse
        model.parameter:
          num_iterations: 2000
          learning_rate: 0.06
          validation_prop: 0.1
          validation_type: recent
          validation_metric: rmse
          link_max_depth: true
          max_bin: 512
          stop_iter: 40
        model.predictor:
          all:
          - meta_township_code
          - meta_nbhd_code
          - meta_tieback_proration_rate
          - char_yrblt
          - char_land_sf
          - char_building_units
          - char_building_non_units
          - char_bldg_is_mixed_use
          - char_building_sf
          - char_unit_sf
          - char_bedrooms
          - char_half_baths
          - char_full_baths
          - loc_longitude
          - loc_latitude
          - loc_cook_municipality_name
          - loc_env_flood_fema_sfha
          - loc_env_flood_fs_factor
          - loc_env_flood_fs_risk_direction
          - loc_env_airport_noise_dnl
          - loc_school_elementary_district_geoid
          - loc_school_secondary_district_geoid
          - loc_access_cmap_walk_nta_score
          - loc_access_cmap_walk_total_score
          - prox_num_pin_in_half_mile
          - prox_num_bus_stop_in_half_mile
          - prox_num_foreclosure_per_1000_pin_past_5_years
          - prox_num_school_in_half_mile
          - prox_num_school_with_rating_in_half_mile
          - prox_avg_school_rating_in_half_mile
          - prox_nearest_bike_trail_dist_ft
          - prox_nearest_cemetery_dist_ft
          - prox_nearest_cta_route_dist_ft
          - prox_nearest_cta_stop_dist_ft
          - prox_nearest_hospital_dist_ft
          - prox_lake_michigan_dist_ft
          - prox_nearest_major_road_dist_ft
          - prox_nearest_metra_route_dist_ft
          - prox_nearest_metra_stop_dist_ft
          - prox_nearest_park_dist_ft
          - prox_nearest_railroad_dist_ft
          - prox_nearest_water_dist_ft
          - acs5_percent_age_children
          - acs5_percent_age_senior
          - acs5_median_age_total
          - acs5_percent_mobility_no_move
          - acs5_percent_mobility_moved_from_other_state
          - acs5_percent_household_family_married
          - acs5_percent_household_nonfamily_alone
          - acs5_percent_education_high_school
          - acs5_percent_education_bachelor
          - acs5_percent_education_graduate
          - acs5_percent_income_below_poverty_level
          - acs5_median_income_household_past_year
          - acs5_median_income_per_capita_past_year
          - acs5_percent_income_household_received_snap_past_year
          - acs5_percent_employment_unemployed
          - acs5_median_household_total_occupied_year_built
          - acs5_median_household_renter_occupied_gross_rent
          - acs5_percent_household_owner_occupied
          - acs5_percent_household_total_occupied_w_sel_cond
          - acs5_percent_mobility_moved_in_county
          - other_tax_bill_rate
          - time_sale_year
          - time_sale_day
          - time_sale_quarter_of_year
          - time_sale_month_of_year
          - time_sale_day_of_year
          - time_sale_day_of_month
          - time_sale_day_of_week
          - time_sale_post_covid
          - meta_strata_1
          - meta_strata_2
          categorical:
          - meta_township_code
          - meta_nbhd_code
          - loc_cook_municipality_name
          - loc_school_elementary_district_geoid
          - loc_school_secondary_district_geoid
          - time_sale_quarter_of_year
          - meta_strata_1
          - meta_strata_2
          knn:
          - meta_strata_1
          - meta_strata_2
          knn_imp:
          - loc_latitude
          - loc_longitude
          - char_building_units
          - char_yrblt
          id:
          - meta_year
          - meta_pin
          - meta_class
          - meta_card_num
          - meta_lline_num
          - meta_sale_document_num
        model.seed: 2023
        model.verbose: -1
        ratio_study:
          far_year: '2020'
          far_stage: board
          far_column: meta_2yr_pri_board_tot
          near_year: '2022'
          near_stage: certified
          near_column: meta_certified_tot
          num_quantile:
          - 3
          - 5
          - 10
        toggle.cv_enable: true
    outs:
    - path: output/intermediate/timing/model_timing_train.parquet
      md5: 4b688b5b7beafb672b48e769fb4a9355
      size: 2879
    - path: output/parameter_final/model_parameter_final.parquet
      md5: 88a296ebed2ce5aa58a6aa9983c2db29
      size: 8838
    - path: output/parameter_range/model_parameter_range.parquet
      md5: 7d81572c8dfdeabc6b5bc5b3fb309b4d
      size: 2017
    - path: output/parameter_search/model_parameter_search.parquet
      md5: 6739b40bb1cac6596852d622d77b2825
      size: 230541
    - path: output/test_card/model_test_card.parquet
      md5: 7fea95c8ea90df2e070606dd302fba1c
      size: 1231845
    - path: output/workflow/fit/model_workflow_fit.zip
      md5: 0323e00236260c350b7e804ed1a6f959
      size: 4908898
    - path: output/workflow/recipe/model_workflow_recipe.rds
      md5: 978c360f114751e0b0f69703702ef006
      size: 4266584
  assess:
    cmd: Rscript pipeline/02-assess.R
    deps:
    - path: input/assessment_data.parquet
      md5: 7925c5790e58189abf5e5cfad5be02a4
      size: 63196116
    - path: input/condo_strata_data.parquet
      md5: 9a3123c28c19cfe5cabca076328a199d
      size: 40855
    - path: input/land_nbhd_rate_data.parquet
      md5: 730c5638b23ef13d160b65c1ad35549c
      size: 4246
    - path: input/training_data.parquet
      md5: eb8267f3c178bb009fdfcf45a6cc9a31
      size: 54745064
    - path: output/workflow/fit/model_workflow_fit.zip
      md5: 0323e00236260c350b7e804ed1a6f959
      size: 4908898
    - path: output/workflow/recipe/model_workflow_recipe.rds
      md5: 978c360f114751e0b0f69703702ef006
      size: 4266584
    params:
      params.yaml:
        assessment:
          year: '2023'
          date: '2023-01-01'
          triad: south
          group: condo
          data_year: '2022'
        model.predictor.all:
        - meta_township_code
        - meta_nbhd_code
        - meta_tieback_proration_rate
        - char_yrblt
        - char_land_sf
        - char_building_units
        - char_building_non_units
        - char_bldg_is_mixed_use
        - char_building_sf
        - char_unit_sf
        - char_bedrooms
        - char_half_baths
        - char_full_baths
        - loc_longitude
        - loc_latitude
        - loc_cook_municipality_name
        - loc_env_flood_fema_sfha
        - loc_env_flood_fs_factor
        - loc_env_flood_fs_risk_direction
        - loc_env_airport_noise_dnl
        - loc_school_elementary_district_geoid
        - loc_school_secondary_district_geoid
        - loc_access_cmap_walk_nta_score
        - loc_access_cmap_walk_total_score
        - prox_num_pin_in_half_mile
        - prox_num_bus_stop_in_half_mile
        - prox_num_foreclosure_per_1000_pin_past_5_years
        - prox_num_school_in_half_mile
        - prox_num_school_with_rating_in_half_mile
        - prox_avg_school_rating_in_half_mile
        - prox_nearest_bike_trail_dist_ft
        - prox_nearest_cemetery_dist_ft
        - prox_nearest_cta_route_dist_ft
        - prox_nearest_cta_stop_dist_ft
        - prox_nearest_hospital_dist_ft
        - prox_lake_michigan_dist_ft
        - prox_nearest_major_road_dist_ft
        - prox_nearest_metra_route_dist_ft
        - prox_nearest_metra_stop_dist_ft
        - prox_nearest_park_dist_ft
        - prox_nearest_railroad_dist_ft
        - prox_nearest_water_dist_ft
        - acs5_percent_age_children
        - acs5_percent_age_senior
        - acs5_median_age_total
        - acs5_percent_mobility_no_move
        - acs5_percent_mobility_moved_from_other_state
        - acs5_percent_household_family_married
        - acs5_percent_household_nonfamily_alone
        - acs5_percent_education_high_school
        - acs5_percent_education_bachelor
        - acs5_percent_education_graduate
        - acs5_percent_income_below_poverty_level
        - acs5_median_income_household_past_year
        - acs5_median_income_per_capita_past_year
        - acs5_percent_income_household_received_snap_past_year
        - acs5_percent_employment_unemployed
        - acs5_median_household_total_occupied_year_built
        - acs5_median_household_renter_occupied_gross_rent
        - acs5_percent_household_owner_occupied
        - acs5_percent_household_total_occupied_w_sel_cond
        - acs5_percent_mobility_moved_in_county
        - other_tax_bill_rate
        - time_sale_year
        - time_sale_day
        - time_sale_quarter_of_year
        - time_sale_month_of_year
        - time_sale_day_of_year
        - time_sale_day_of_month
        - time_sale_day_of_week
        - time_sale_post_covid
        - meta_strata_1
        - meta_strata_2
        pv:
          nonlivable_threshold: 1000
          nonlivable_fixed_fmv: 30000
          land_pct_of_total_cap: 0.5
          round_break:
          - 1000
          - 10000
          round_to_nearest:
          - 1
          - 10
          - 100
          round_type: ceiling
        ratio_study:
          far_year: '2020'
          far_stage: board
          far_column: meta_2yr_pri_board_tot
          near_year: '2022'
          near_stage: certified
          near_column: meta_certified_tot
          num_quantile:
          - 3
          - 5
          - 10
    outs:
    - path: output/assessment_card/model_assessment_card.parquet
      md5: 16df6c81f5ae9d98ed88a928a8a34c6b
      size: 35985644
    - path: output/assessment_pin/model_assessment_pin.parquet
      md5: 073bf5d04a8da3f52c7bc7b7e9fe792c
      size: 39445324
    - path: output/intermediate/timing/model_timing_assess.parquet
      md5: 26bf1a8fc9975b2453f14d8f6e1a692f
      size: 2886
  evaluate:
    cmd: Rscript pipeline/03-evaluate.R
    deps:
    - path: output/assessment_pin/model_assessment_pin.parquet
      md5: 073bf5d04a8da3f52c7bc7b7e9fe792c
      size: 39445324
    - path: output/test_card/model_test_card.parquet
      md5: 7fea95c8ea90df2e070606dd302fba1c
      size: 1231845
    params:
      params.yaml:
        assessment.data_year: '2022'
        ratio_study:
          far_year: '2020'
          far_stage: board
          far_column: meta_2yr_pri_board_tot
          near_year: '2022'
          near_stage: certified
          near_column: meta_certified_tot
          num_quantile:
          - 3
          - 5
          - 10
        run_type: full
    outs:
    - path: output/intermediate/timing/model_timing_evaluate.parquet
      md5: 4638ee94a5314eea309591286f9d8b3d
      size: 2907
    - path: output/performance/model_performance_assessment.parquet
      md5: 024ea31e9cc6af58ce247fa3cc52867e
      size: 1097987
    - path: output/performance/model_performance_test.parquet
      md5: 4e5930c2c08c4bae699cc792a51885d6
      size: 959903
    - path: output/performance_quantile/model_performance_quantile_assessment.parquet
      md5: 774c449ceb6e08e0bd9c8601a0672081
      size: 988592
    - path: output/performance_quantile/model_performance_quantile_test.parquet
      md5: 4c9dfa80bba7fd003779aebe6f31c338
      size: 1037026
  interpret:
    cmd: Rscript pipeline/04-interpret.R
    deps:
    - path: input/assessment_data.parquet
      md5: 7925c5790e58189abf5e5cfad5be02a4
      size: 63196116
    - path: output/workflow/fit/model_workflow_fit.zip
      md5: 0323e00236260c350b7e804ed1a6f959
      size: 4908898
    - path: output/workflow/recipe/model_workflow_recipe.rds
      md5: 978c360f114751e0b0f69703702ef006
      size: 4266584
    params:
      params.yaml:
        model.predictor.all:
        - meta_township_code
        - meta_nbhd_code
        - meta_tieback_proration_rate
        - char_yrblt
        - char_land_sf
        - char_building_units
        - char_building_non_units
        - char_bldg_is_mixed_use
        - char_building_sf
        - char_unit_sf
        - char_bedrooms
        - char_half_baths
        - char_full_baths
        - loc_longitude
        - loc_latitude
        - loc_cook_municipality_name
        - loc_env_flood_fema_sfha
        - loc_env_flood_fs_factor
        - loc_env_flood_fs_risk_direction
        - loc_env_airport_noise_dnl
        - loc_school_elementary_district_geoid
        - loc_school_secondary_district_geoid
        - loc_access_cmap_walk_nta_score
        - loc_access_cmap_walk_total_score
        - prox_num_pin_in_half_mile
        - prox_num_bus_stop_in_half_mile
        - prox_num_foreclosure_per_1000_pin_past_5_years
        - prox_num_school_in_half_mile
        - prox_num_school_with_rating_in_half_mile
        - prox_avg_school_rating_in_half_mile
        - prox_nearest_bike_trail_dist_ft
        - prox_nearest_cemetery_dist_ft
        - prox_nearest_cta_route_dist_ft
        - prox_nearest_cta_stop_dist_ft
        - prox_nearest_hospital_dist_ft
        - prox_lake_michigan_dist_ft
        - prox_nearest_major_road_dist_ft
        - prox_nearest_metra_route_dist_ft
        - prox_nearest_metra_stop_dist_ft
        - prox_nearest_park_dist_ft
        - prox_nearest_railroad_dist_ft
        - prox_nearest_water_dist_ft
        - acs5_percent_age_children
        - acs5_percent_age_senior
        - acs5_median_age_total
        - acs5_percent_mobility_no_move
        - acs5_percent_mobility_moved_from_other_state
        - acs5_percent_household_family_married
        - acs5_percent_household_nonfamily_alone
        - acs5_percent_education_high_school
        - acs5_percent_education_bachelor
        - acs5_percent_education_graduate
        - acs5_percent_income_below_poverty_level
        - acs5_median_income_household_past_year
        - acs5_median_income_per_capita_past_year
        - acs5_percent_income_household_received_snap_past_year
        - acs5_percent_employment_unemployed
        - acs5_median_household_total_occupied_year_built
        - acs5_median_household_renter_occupied_gross_rent
        - acs5_percent_household_owner_occupied
        - acs5_percent_household_total_occupied_w_sel_cond
        - acs5_percent_mobility_moved_in_county
        - other_tax_bill_rate
        - time_sale_year
        - time_sale_day
        - time_sale_quarter_of_year
        - time_sale_month_of_year
        - time_sale_day_of_year
        - time_sale_day_of_month
        - time_sale_day_of_week
        - time_sale_post_covid
        - meta_strata_1
        - meta_strata_2
    outs:
    - path: output/intermediate/timing/model_timing_interpret.parquet
      md5: eca55b4e979d8ff7c02f25cae14a23db
      size: 2907
    - path: output/shap/model_shap.parquet
      md5: bef5a22b3eb8fb426e80cb5f9cd4eb48
      size: 696
  finalize:
    cmd: Rscript pipeline/05-finalize.R
    deps:
    - path: output/assessment_card/model_assessment_card.parquet
      md5: 16df6c81f5ae9d98ed88a928a8a34c6b
      size: 35985644
    - path: output/assessment_pin/model_assessment_pin.parquet
      md5: 073bf5d04a8da3f52c7bc7b7e9fe792c
      size: 39445324
    - path: output/intermediate/timing/model_timing_assess.parquet
      md5: 26bf1a8fc9975b2453f14d8f6e1a692f
      size: 2886
    - path: output/intermediate/timing/model_timing_evaluate.parquet
      md5: 4638ee94a5314eea309591286f9d8b3d
      size: 2907
    - path: output/intermediate/timing/model_timing_interpret.parquet
      md5: eca55b4e979d8ff7c02f25cae14a23db
      size: 2907
    - path: output/intermediate/timing/model_timing_train.parquet
      md5: 4b688b5b7beafb672b48e769fb4a9355
      size: 2879
    - path: output/parameter_final/model_parameter_final.parquet
      md5: 88a296ebed2ce5aa58a6aa9983c2db29
      size: 8838
    - path: output/parameter_range/model_parameter_range.parquet
      md5: 7d81572c8dfdeabc6b5bc5b3fb309b4d
      size: 2017
    - path: output/parameter_search/model_parameter_search.parquet
      md5: 6739b40bb1cac6596852d622d77b2825
      size: 230541
    - path: output/performance/model_performance_assessment.parquet
      md5: 024ea31e9cc6af58ce247fa3cc52867e
      size: 1097987
    - path: output/performance/model_performance_test.parquet
      md5: 4e5930c2c08c4bae699cc792a51885d6
      size: 959903
    - path: output/performance_quantile/model_performance_quantile_assessment.parquet
      md5: 774c449ceb6e08e0bd9c8601a0672081
      size: 988592
    - path: output/performance_quantile/model_performance_quantile_test.parquet
      md5: 4c9dfa80bba7fd003779aebe6f31c338
      size: 1037026
    - path: output/shap/model_shap.parquet
      md5: bef5a22b3eb8fb426e80cb5f9cd4eb48
      size: 696
    - path: output/test_card/model_test_card.parquet
      md5: 7fea95c8ea90df2e070606dd302fba1c
      size: 1231845
    - path: output/workflow/fit/model_workflow_fit.zip
      md5: 0323e00236260c350b7e804ed1a6f959
      size: 4908898
    - path: output/workflow/recipe/model_workflow_recipe.rds
      md5: 978c360f114751e0b0f69703702ef006
      size: 4266584
    params:
      params.yaml:
        cv:
          split_prop: 0.9
          initial_set: 20
          max_iterations: 70
          no_improve: 20
          best_metric: rmse
        input:
          min_sale_year: '2014'
          max_sale_year: '2022'
          time_split: 15
          sale_validation:
            stat_groups:
            - meta_year
            - meta_township_code
            - meta_class
            iso_forest:
            - meta_sale_price
            - sv_days_since_last_transaction
            - sv_cgdr
            - sv_sale_dup_counts
            dev_bounds:
            - 2
            - 3
          strata:
            seed: 123
            group_var:
            - meta_township_code
            type: ntile
            k_1: 10
            k_2: 100
            weight_min: 0.3
            weight_max: 1.0
        model:
          engine: lightgbm
          objective: rmse
          seed: 2023
          deterministic: true
          force_row_wise: true
          verbose: -1
          predictor:
            all:
            - meta_township_code
            - meta_nbhd_code
            - meta_tieback_proration_rate
            - char_yrblt
            - char_land_sf
            - char_building_units
            - char_building_non_units
            - char_bldg_is_mixed_use
            - char_building_sf
            - char_unit_sf
            - char_bedrooms
            - char_half_baths
            - char_full_baths
            - loc_longitude
            - loc_latitude
            - loc_cook_municipality_name
            - loc_env_flood_fema_sfha
            - loc_env_flood_fs_factor
            - loc_env_flood_fs_risk_direction
            - loc_env_airport_noise_dnl
            - loc_school_elementary_district_geoid
            - loc_school_secondary_district_geoid
            - loc_access_cmap_walk_nta_score
            - loc_access_cmap_walk_total_score
            - prox_num_pin_in_half_mile
            - prox_num_bus_stop_in_half_mile
            - prox_num_foreclosure_per_1000_pin_past_5_years
            - prox_num_school_in_half_mile
            - prox_num_school_with_rating_in_half_mile
            - prox_avg_school_rating_in_half_mile
            - prox_nearest_bike_trail_dist_ft
            - prox_nearest_cemetery_dist_ft
            - prox_nearest_cta_route_dist_ft
            - prox_nearest_cta_stop_dist_ft
            - prox_nearest_hospital_dist_ft
            - prox_lake_michigan_dist_ft
            - prox_nearest_major_road_dist_ft
            - prox_nearest_metra_route_dist_ft
            - prox_nearest_metra_stop_dist_ft
            - prox_nearest_park_dist_ft
            - prox_nearest_railroad_dist_ft
            - prox_nearest_water_dist_ft
            - acs5_percent_age_children
            - acs5_percent_age_senior
            - acs5_median_age_total
            - acs5_percent_mobility_no_move
            - acs5_percent_mobility_moved_from_other_state
            - acs5_percent_household_family_married
            - acs5_percent_household_nonfamily_alone
            - acs5_percent_education_high_school
            - acs5_percent_education_bachelor
            - acs5_percent_education_graduate
            - acs5_percent_income_below_poverty_level
            - acs5_median_income_household_past_year
            - acs5_median_income_per_capita_past_year
            - acs5_percent_income_household_received_snap_past_year
            - acs5_percent_employment_unemployed
            - acs5_median_household_total_occupied_year_built
            - acs5_median_household_renter_occupied_gross_rent
            - acs5_percent_household_owner_occupied
            - acs5_percent_household_total_occupied_w_sel_cond
            - acs5_percent_mobility_moved_in_county
            - other_tax_bill_rate
            - time_sale_year
            - time_sale_day
            - time_sale_quarter_of_year
            - time_sale_month_of_year
            - time_sale_day_of_year
            - time_sale_day_of_month
            - time_sale_day_of_week
            - time_sale_post_covid
            - meta_strata_1
            - meta_strata_2
            categorical:
            - meta_township_code
            - meta_nbhd_code
            - loc_cook_municipality_name
            - loc_school_elementary_district_geoid
            - loc_school_secondary_district_geoid
            - time_sale_quarter_of_year
            - meta_strata_1
            - meta_strata_2
            knn:
            - meta_strata_1
            - meta_strata_2
            knn_imp:
            - loc_latitude
            - loc_longitude
            - char_building_units
            - char_yrblt
            id:
            - meta_year
            - meta_pin
            - meta_class
            - meta_card_num
            - meta_lline_num
            - meta_sale_document_num
          parameter:
            num_iterations: 2000
            learning_rate: 0.06
            validation_prop: 0.1
            validation_type: recent
            validation_metric: rmse
            link_max_depth: true
            max_bin: 512
            stop_iter: 40
          hyperparameter:
            default:
              num_leaves: 1363
              add_to_linked_depth: 1
              feature_fraction: 0.475
              min_gain_to_split: 3.73
              min_data_in_leaf: 7
              max_cat_threshold: 195
              min_data_per_group: 80
              cat_smooth: 40.44
              cat_l2: 0.83
              lambda_l1: 0.105
              lambda_l2: 0.024
              neighbors: 10
            range:
              num_leaves:
              - 50
              - 2000
              add_to_linked_depth:
              - 1
              - 7
              feature_fraction:
              - 0.3
              - 0.8
              min_gain_to_split:
              - -4.0
              - 2.0
              min_data_in_leaf:
              - 2
              - 150
              max_cat_threshold:
              - 20
              - 250
              min_data_per_group:
              - 20
              - 200
              cat_smooth:
              - 10.0
              - 100.0
              cat_l2:
              - -3
              - 3
              lambda_l1:
              - -3
              - 3
              lambda_l2:
              - -3
              - 3
              neighbors:
              - 5
              - 40
        pv:
          nonlivable_threshold: 1000
          nonlivable_fixed_fmv: 30000
          land_pct_of_total_cap: 0.5
          round_break:
          - 1000
          - 10000
          round_to_nearest:
          - 1
          - 10
          - 100
          round_type: ceiling
        ratio_study:
          far_year: '2020'
          far_stage: board
          far_column: meta_2yr_pri_board_tot
          near_year: '2022'
          near_stage: certified
          near_column: meta_certified_tot
          num_quantile:
          - 3
          - 5
          - 10
        run_note: "Full condo CV run for 2023\n"
        run_type: full
        toggle:
          cv_enable: true
          shap_enable: false
          upload_to_s3: true
    outs:
    - path: output/metadata/model_metadata.parquet
      md5: a0a42b532a493de539be3f9092f93df3
      size: 25952
    - path: output/timing/model_timing.parquet
      md5: 2013d45cbace3de3f1eff3513465ad6d
      size: 5236
  export:
    cmd: Rscript pipeline/06-export.R
    params:
      params.yaml:
        assessment:
          year: '2023'
          date: '2023-01-01'
          triad: south
          group: condo
          data_year: '2022'
        export:
          triad_code: '3'
          run_id: ''
        ratio_study:
          far_year: '2020'
          far_stage: board
          far_column: meta_2yr_pri_board_tot
          near_year: '2022'
          near_stage: certified
          near_column: meta_certified_tot
          num_quantile:
          - 3
          - 5
          - 10
